
Microsoft Visual Studio Solution File, Format Version 12.00
# Visual Studio Version 17
VisualStudioVersion = 17.3.32901.215
MinimumVisualStudioVersion = 10.0.40219.1
Project("{FAE04EC0-301F-11D3-BF4B-00C04F79EFBC}") = "Dataflow", "Dataflow\Dataflow.csproj", "{B52E7015-194A-45B8-A89C-544D6085B838}"
EndProject
Global
	GlobalSection(SolutionConfigurationPlatforms) = preSolution
		Debug|Any CPU = Debug|Any CPU
		Release|Any CPU = Release|Any CPU
	EndGlobalSection
	GlobalSection(ProjectConfigurationPlatforms) = postSolution
		{B52E7015-194A-45B8-A89C-544D6085B838}.Debug|Any CPU.ActiveCfg = Debug|Any CPU
		{B52E7015-194A-45B8-A89C-544D6085B838}.Debug|Any CPU.Build.0 = Debug|Any CPU
		{B52E7015-194A-45B8-A89C-544D6085B838}.Release|Any CPU.ActiveCfg = Release|Any CPU
		{B52E7015-194A-45B8-A89C-544D6085B838}.Release|Any CPU.Build.0 = Release|Any CPU
	EndGlobalSection
	GlobalSection(SolutionProperties) = preSolution
		HideSolutionNode = FALSE
	EndGlobalSection
	GlobalSection(ExtensibilityGlobals) = postSolution
		SolutionGuid = {D1A13084-6557-40B7-A1CD-F18F1FBA8D87}
	EndGlobalSection
EndGlobal
