
Microsoft Visual Studio Solution File, Format Version 12.00
# Visual Studio Version 17
VisualStudioVersion = 17.3.32901.215
MinimumVisualStudioVersion = 10.0.40219.1
Project("{FAE04EC0-301F-11D3-BF4B-00C04F79EFBC}") = "Http", "HttpClient\Http.csproj", "{C1661790-75D9-45E2-B1B2-8C1625AEF6EB}"
EndProject
Global
	GlobalSection(SolutionConfigurationPlatforms) = preSolution
		Debug|Any CPU = Debug|Any CPU
		Release|Any CPU = Release|Any CPU
	EndGlobalSection
	GlobalSection(ProjectConfigurationPlatforms) = postSolution
		{C1661790-75D9-45E2-B1B2-8C1625AEF6EB}.Debug|Any CPU.ActiveCfg = Debug|Any CPU
		{C1661790-75D9-45E2-B1B2-8C1625AEF6EB}.Debug|Any CPU.Build.0 = Debug|Any CPU
		{C1661790-75D9-45E2-B1B2-8C1625AEF6EB}.Release|Any CPU.ActiveCfg = Release|Any CPU
		{C1661790-75D9-45E2-B1B2-8C1625AEF6EB}.Release|Any CPU.Build.0 = Release|Any CPU
	EndGlobalSection
	GlobalSection(SolutionProperties) = preSolution
		HideSolutionNode = FALSE
	EndGlobalSection
	GlobalSection(ExtensibilityGlobals) = postSolution
		SolutionGuid = {3D89A1A2-C9EE-4273-BF31-4654FBD17BB4}
	EndGlobalSection
EndGlobal
